
Microsoft Visual Studio Solution File, Format Version 12.00
# Visual Studio Version 17
VisualStudioVersion = 17.0.31903.59
MinimumVisualStudioVersion = 10.0.40219.1
Project("{2150E333-8FDC-42A3-9474-1A3956D46DE8}") = "src", "src", "{827E0CD3-B72D-47B6-A68D-7590B98EB39B}"
EndProject
Project("{FAE04EC0-301F-11D3-BF4B-00C04F79EFBC}") = "ReleaseLens.Core", "src\ReleaseLens.Core\ReleaseLens.Core.csproj", "{A3C9129D-1C11-480A-85DD-215BE13F0227}"
EndProject
Project("{2150E333-8FDC-42A3-9474-1A3956D46DE8}") = "tests", "tests", "{0AB3BF05-4346-4AA6-1389-037BE0695223}"
EndProject
Project("{FAE04EC0-301F-11D3-BF4B-00C04F79EFBC}") = "ReleaseLens.Core.Tests", "tests\ReleaseLens.Core.Tests\ReleaseLens.Core.Tests.csproj", "{0145774B-48E3-482F-B5E2-ADE31AB7E5C9}"
EndProject
Project("{FAE04EC0-301F-11D3-BF4B-00C04F79EFBC}") = "ReleaseLens.Embedding", "src\ReleaseLens.Embedding\ReleaseLens.Embedding.csproj", "{E08B5755-54BD-4630-92FB-211F90269A37}"
EndProject
Project("{FAE04EC0-301F-11D3-BF4B-00C04F79EFBC}") = "ReleaseLens.Embedding.Tests", "tests\ReleaseLens.Embedding.Tests\ReleaseLens.Embedding.Tests.csproj", "{8E82A0E4-A3DE-4308-8981-7CA546EDD66C}"
EndProject
Project("{FAE04EC0-301F-11D3-BF4B-00C04F79EFBC}") = "ReleaseLens.Ingestion", "src\ReleaseLens.Ingestion\ReleaseLens.Ingestion.csproj", "{EFE7E326-B70D-422E-BB95-EAE5264045DB}"
EndProject
Project("{FAE04EC0-301F-11D3-BF4B-00C04F79EFBC}") = "ReleaseLens.Ingestion.Tests", "tests\ReleaseLens.Ingestion.Tests\ReleaseLens.Ingestion.Tests.csproj", "{B9C59D3B-B467-4AC8-BD5B-87FB0EDB9651}"
EndProject
Project("{FAE04EC0-301F-11D3-BF4B-00C04F79EFBC}") = "ReleaseLens.Llm", "src\ReleaseLens.Llm\ReleaseLens.Llm.csproj", "{2FA25A91-BE1D-446E-9925-6A4432825AF9}"
EndProject
Project("{FAE04EC0-301F-11D3-BF4B-00C04F79EFBC}") = "ReleaseLens.Llm.Tests", "tests\ReleaseLens.Llm.Tests\ReleaseLens.Llm.Tests.csproj", "{AAC9DBD6-5389-486B-B3E6-1AE4E11EC6E6}"
EndProject
Project("{FAE04EC0-301F-11D3-BF4B-00C04F79EFBC}") = "ReleaseLens.Storage", "src\ReleaseLens.Storage\ReleaseLens.Storage.csproj", "{1E009DFE-9DF5-4032-9B47-CFDB3E666A15}"
EndProject
Project("{FAE04EC0-301F-11D3-BF4B-00C04F79EFBC}") = "ReleaseLens.Storage.Tests", "tests\ReleaseLens.Storage.Tests\ReleaseLens.Storage.Tests.csproj", "{F5BD43E6-D67F-4DAE-9D81-31910910E6C8}"
EndProject
Project("{FAE04EC0-301F-11D3-BF4B-00C04F79EFBC}") = "ReleaseLens.Worker", "src\ReleaseLens.Worker\ReleaseLens.Worker.csproj", "{75E01FA5-8CF9-4C2D-B6B6-032553116BAB}"
EndProject
Project("{FAE04EC0-301F-11D3-BF4B-00C04F79EFBC}") = "ReleaseLens.Api", "src\ReleaseLens.Api\ReleaseLens.Api.csproj", "{EBBC0B46-19D2-4C98-AF54-AF985EAC83C3}"
EndProject
Project("{FAE04EC0-301F-11D3-BF4B-00C04F79EFBC}") = "ReleaseLens.Api.Tests", "tests\ReleaseLens.Api.Tests\ReleaseLens.Api.Tests.csproj", "{EF945BB9-0E3A-42B0-9C0F-BD143D7DA26D}"
EndProject
Project("{FAE04EC0-301F-11D3-BF4B-00C04F79EFBC}") = "ReleaseLens.Functions.Common", "src\ReleaseLens.Functions.Common\ReleaseLens.Functions.Common.csproj", "{91A9803F-D3BD-4EF6-8650-324FB3765B57}"
EndProject
Project("{FAE04EC0-301F-11D3-BF4B-00C04F79EFBC}") = "ReleaseLens.Functions.Tests", "tests\ReleaseLens.Functions.Tests\ReleaseLens.Functions.Tests.csproj", "{E3DDCD04-876C-4D96-B3C9-D334C09D0768}"
EndProject
Project("{FAE04EC0-301F-11D3-BF4B-00C04F79EFBC}") = "ReleaseLens.Functions.Ingest", "src\ReleaseLens.Functions.Ingest\ReleaseLens.Functions.Ingest.csproj", "{B73C7426-2589-4571-B5C7-AB68129C5921}"
EndProject
Project("{FAE04EC0-301F-11D3-BF4B-00C04F79EFBC}") = "ReleaseLens.Functions.Tool", "src\ReleaseLens.Functions.Tool\ReleaseLens.Functions.Tool.csproj", "{8DD139B2-EC72-4DB6-81E7-01587A8A8940}"
EndProject
Global
	GlobalSection(SolutionConfigurationPlatforms) = preSolution
		Debug|Any CPU = Debug|Any CPU
		Debug|x64 = Debug|x64
		Debug|x86 = Debug|x86
		Release|Any CPU = Release|Any CPU
		Release|x64 = Release|x64
		Release|x86 = Release|x86
	EndGlobalSection
	GlobalSection(ProjectConfigurationPlatforms) = postSolution
		{A3C9129D-1C11-480A-85DD-215BE13F0227}.Debug|Any CPU.ActiveCfg = Debug|Any CPU
		{A3C9129D-1C11-480A-85DD-215BE13F0227}.Debug|Any CPU.Build.0 = Debug|Any CPU
		{A3C9129D-1C11-480A-85DD-215BE13F0227}.Debug|x64.ActiveCfg = Debug|Any CPU
		{A3C9129D-1C11-480A-85DD-215BE13F0227}.Debug|x64.Build.0 = Debug|Any CPU
		{A3C9129D-1C11-480A-85DD-215BE13F0227}.Debug|x86.ActiveCfg = Debug|Any CPU
		{A3C9129D-1C11-480A-85DD-215BE13F0227}.Debug|x86.Build.0 = Debug|Any CPU
		{A3C9129D-1C11-480A-85DD-215BE13F0227}.Release|Any CPU.ActiveCfg = Release|Any CPU
		{A3C9129D-1C11-480A-85DD-215BE13F0227}.Release|Any CPU.Build.0 = Release|Any CPU
		{A3C9129D-1C11-480A-85DD-215BE13F0227}.Release|x64.ActiveCfg = Release|Any CPU
		{A3C9129D-1C11-480A-85DD-215BE13F0227}.Release|x64.Build.0 = Release|Any CPU
		{A3C9129D-1C11-480A-85DD-215BE13F0227}.Release|x86.ActiveCfg = Release|Any CPU
		{A3C9129D-1C11-480A-85DD-215BE13F0227}.Release|x86.Build.0 = Release|Any CPU
		{0145774B-48E3-482F-B5E2-ADE31AB7E5C9}.Debug|Any CPU.ActiveCfg = Debug|Any CPU
		{0145774B-48E3-482F-B5E2-ADE31AB7E5C9}.Debug|Any CPU.Build.0 = Debug|Any CPU
		{0145774B-48E3-482F-B5E2-ADE31AB7E5C9}.Debug|x64.ActiveCfg = Debug|Any CPU
		{0145774B-48E3-482F-B5E2-ADE31AB7E5C9}.Debug|x64.Build.0 = Debug|Any CPU
		{0145774B-48E3-482F-B5E2-ADE31AB7E5C9}.Debug|x86.ActiveCfg = Debug|Any CPU
		{0145774B-48E3-482F-B5E2-ADE31AB7E5C9}.Debug|x86.Build.0 = Debug|Any CPU
		{0145774B-48E3-482F-B5E2-ADE31AB7E5C9}.Release|Any CPU.ActiveCfg = Release|Any CPU
		{0145774B-48E3-482F-B5E2-ADE31AB7E5C9}.Release|Any CPU.Build.0 = Release|Any CPU
		{0145774B-48E3-482F-B5E2-ADE31AB7E5C9}.Release|x64.ActiveCfg = Release|Any CPU
		{0145774B-48E3-482F-B5E2-ADE31AB7E5C9}.Release|x64.Build.0 = Release|Any CPU
		{0145774B-48E3-482F-B5E2-ADE31AB7E5C9}.Release|x86.ActiveCfg = Release|Any CPU
		{0145774B-48E3-482F-B5E2-ADE31AB7E5C9}.Release|x86.Build.0 = Release|Any CPU
		{E08B5755-54BD-4630-92FB-211F90269A37}.Debug|Any CPU.ActiveCfg = Debug|Any CPU
		{E08B5755-54BD-4630-92FB-211F90269A37}.Debug|Any CPU.Build.0 = Debug|Any CPU
		{E08B5755-54BD-4630-92FB-211F90269A37}.Debug|x64.ActiveCfg = Debug|Any CPU
		{E08B5755-54BD-4630-92FB-211F90269A37}.Debug|x64.Build.0 = Debug|Any CPU
		{E08B5755-54BD-4630-92FB-211F90269A37}.Debug|x86.ActiveCfg = Debug|Any CPU
		{E08B5755-54BD-4630-92FB-211F90269A37}.Debug|x86.Build.0 = Debug|Any CPU
		{E08B5755-54BD-4630-92FB-211F90269A37}.Release|Any CPU.ActiveCfg = Release|Any CPU
		{E08B5755-54BD-4630-92FB-211F90269A37}.Release|Any CPU.Build.0 = Release|Any CPU
		{E08B5755-54BD-4630-92FB-211F90269A37}.Release|x64.ActiveCfg = Release|Any CPU
		{E08B5755-54BD-4630-92FB-211F90269A37}.Release|x64.Build.0 = Release|Any CPU
		{E08B5755-54BD-4630-92FB-211F90269A37}.Release|x86.ActiveCfg = Release|Any CPU
		{E08B5755-54BD-4630-92FB-211F90269A37}.Release|x86.Build.0 = Release|Any CPU
		{8E82A0E4-A3DE-4308-8981-7CA546EDD66C}.Debug|Any CPU.ActiveCfg = Debug|Any CPU
		{8E82A0E4-A3DE-4308-8981-7CA546EDD66C}.Debug|Any CPU.Build.0 = Debug|Any CPU
		{8E82A0E4-A3DE-4308-8981-7CA546EDD66C}.Debug|x64.ActiveCfg = Debug|Any CPU
		{8E82A0E4-A3DE-4308-8981-7CA546EDD66C}.Debug|x64.Build.0 = Debug|Any CPU
		{8E82A0E4-A3DE-4308-8981-7CA546EDD66C}.Debug|x86.ActiveCfg = Debug|Any CPU
		{8E82A0E4-A3DE-4308-8981-7CA546EDD66C}.Debug|x86.Build.0 = Debug|Any CPU
		{8E82A0E4-A3DE-4308-8981-7CA546EDD66C}.Release|Any CPU.ActiveCfg = Release|Any CPU
		{8E82A0E4-A3DE-4308-8981-7CA546EDD66C}.Release|Any CPU.Build.0 = Release|Any CPU
		{8E82A0E4-A3DE-4308-8981-7CA546EDD66C}.Release|x64.ActiveCfg = Release|Any CPU
		{8E82A0E4-A3DE-4308-8981-7CA546EDD66C}.Release|x64.Build.0 = Release|Any CPU
		{8E82A0E4-A3DE-4308-8981-7CA546EDD66C}.Release|x86.ActiveCfg = Release|Any CPU
		{8E82A0E4-A3DE-4308-8981-7CA546EDD66C}.Release|x86.Build.0 = Release|Any CPU
		{EFE7E326-B70D-422E-BB95-EAE5264045DB}.Debug|Any CPU.ActiveCfg = Debug|Any CPU
		{EFE7E326-B70D-422E-BB95-EAE5264045DB}.Debug|Any CPU.Build.0 = Debug|Any CPU
		{EFE7E326-B70D-422E-BB95-EAE5264045DB}.Debug|x64.ActiveCfg = Debug|Any CPU
		{EFE7E326-B70D-422E-BB95-EAE5264045DB}.Debug|x64.Build.0 = Debug|Any CPU
		{EFE7E326-B70D-422E-BB95-EAE5264045DB}.Debug|x86.ActiveCfg = Debug|Any CPU
		{EFE7E326-B70D-422E-BB95-EAE5264045DB}.Debug|x86.Build.0 = Debug|Any CPU
		{EFE7E326-B70D-422E-BB95-EAE5264045DB}.Release|Any CPU.ActiveCfg = Release|Any CPU
		{EFE7E326-B70D-422E-BB95-EAE5264045DB}.Release|Any CPU.Build.0 = Release|Any CPU
		{EFE7E326-B70D-422E-BB95-EAE5264045DB}.Release|x64.ActiveCfg = Release|Any CPU
		{EFE7E326-B70D-422E-BB95-EAE5264045DB}.Release|x64.Build.0 = Release|Any CPU
		{EFE7E326-B70D-422E-BB95-EAE5264045DB}.Release|x86.ActiveCfg = Release|Any CPU
		{EFE7E326-B70D-422E-BB95-EAE5264045DB}.Release|x86.Build.0 = Release|Any CPU
		{B9C59D3B-B467-4AC8-BD5B-87FB0EDB9651}.Debug|Any CPU.ActiveCfg = Debug|Any CPU
		{B9C59D3B-B467-4AC8-BD5B-87FB0EDB9651}.Debug|Any CPU.Build.0 = Debug|Any CPU
		{B9C59D3B-B467-4AC8-BD5B-87FB0EDB9651}.Debug|x64.ActiveCfg = Debug|Any CPU
		{B9C59D3B-B467-4AC8-BD5B-87FB0EDB9651}.Debug|x64.Build.0 = Debug|Any CPU
		{B9C59D3B-B467-4AC8-BD5B-87FB0EDB9651}.Debug|x86.ActiveCfg = Debug|Any CPU
		{B9C59D3B-B467-4AC8-BD5B-87FB0EDB9651}.Debug|x86.Build.0 = Debug|Any CPU
		{B9C59D3B-B467-4AC8-BD5B-87FB0EDB9651}.Release|Any CPU.ActiveCfg = Release|Any CPU
		{B9C59D3B-B467-4AC8-BD5B-87FB0EDB9651}.Release|Any CPU.Build.0 = Release|Any CPU
		{B9C59D3B-B467-4AC8-BD5B-87FB0EDB9651}.Release|x64.ActiveCfg = Release|Any CPU
		{B9C59D3B-B467-4AC8-BD5B-87FB0EDB9651}.Release|x64.Build.0 = Release|Any CPU
		{B9C59D3B-B467-4AC8-BD5B-87FB0EDB9651}.Release|x86.ActiveCfg = Release|Any CPU
		{B9C59D3B-B467-4AC8-BD5B-87FB0EDB9651}.Release|x86.Build.0 = Release|Any CPU
		{2FA25A91-BE1D-446E-9925-6A4432825AF9}.Debug|Any CPU.ActiveCfg = Debug|Any CPU
		{2FA25A91-BE1D-446E-9925-6A4432825AF9}.Debug|Any CPU.Build.0 = Debug|Any CPU
		{2FA25A91-BE1D-446E-9925-6A4432825AF9}.Debug|x64.ActiveCfg = Debug|Any CPU
		{2FA25A91-BE1D-446E-9925-6A4432825AF9}.Debug|x64.Build.0 = Debug|Any CPU
		{2FA25A91-BE1D-446E-9925-6A4432825AF9}.Debug|x86.ActiveCfg = Debug|Any CPU
		{2FA25A91-BE1D-446E-9925-6A4432825AF9}.Debug|x86.Build.0 = Debug|Any CPU
		{2FA25A91-BE1D-446E-9925-6A4432825AF9}.Release|Any CPU.ActiveCfg = Release|Any CPU
		{2FA25A91-BE1D-446E-9925-6A4432825AF9}.Release|Any CPU.Build.0 = Release|Any CPU
		{2FA25A91-BE1D-446E-9925-6A4432825AF9}.Release|x64.ActiveCfg = Release|Any CPU
		{2FA25A91-BE1D-446E-9925-6A4432825AF9}.Release|x64.Build.0 = Release|Any CPU
		{2FA25A91-BE1D-446E-9925-6A4432825AF9}.Release|x86.ActiveCfg = Release|Any CPU
		{2FA25A91-BE1D-446E-9925-6A4432825AF9}.Release|x86.Build.0 = Release|Any CPU
		{AAC9DBD6-5389-486B-B3E6-1AE4E11EC6E6}.Debug|Any CPU.ActiveCfg = Debug|Any CPU
		{AAC9DBD6-5389-486B-B3E6-1AE4E11EC6E6}.Debug|Any CPU.Build.0 = Debug|Any CPU
		{AAC9DBD6-5389-486B-B3E6-1AE4E11EC6E6}.Debug|x64.ActiveCfg = Debug|Any CPU
		{AAC9DBD6-5389-486B-B3E6-1AE4E11EC6E6}.Debug|x64.Build.0 = Debug|Any CPU
		{AAC9DBD6-5389-486B-B3E6-1AE4E11EC6E6}.Debug|x86.ActiveCfg = Debug|Any CPU
		{AAC9DBD6-5389-486B-B3E6-1AE4E11EC6E6}.Debug|x86.Build.0 = Debug|Any CPU
		{AAC9DBD6-5389-486B-B3E6-1AE4E11EC6E6}.Release|Any CPU.ActiveCfg = Release|Any CPU
		{AAC9DBD6-5389-486B-B3E6-1AE4E11EC6E6}.Release|Any CPU.Build.0 = Release|Any CPU
		{AAC9DBD6-5389-486B-B3E6-1AE4E11EC6E6}.Release|x64.ActiveCfg = Release|Any CPU
		{AAC9DBD6-5389-486B-B3E6-1AE4E11EC6E6}.Release|x64.Build.0 = Release|Any CPU
		{AAC9DBD6-5389-486B-B3E6-1AE4E11EC6E6}.Release|x86.ActiveCfg = Release|Any CPU
		{AAC9DBD6-5389-486B-B3E6-1AE4E11EC6E6}.Release|x86.Build.0 = Release|Any CPU
		{1E009DFE-9DF5-4032-9B47-CFDB3E666A15}.Debug|Any CPU.ActiveCfg = Debug|Any CPU
		{1E009DFE-9DF5-4032-9B47-CFDB3E666A15}.Debug|Any CPU.Build.0 = Debug|Any CPU
		{1E009DFE-9DF5-4032-9B47-CFDB3E666A15}.Debug|x64.ActiveCfg = Debug|Any CPU
		{1E009DFE-9DF5-4032-9B47-CFDB3E666A15}.Debug|x64.Build.0 = Debug|Any CPU
		{1E009DFE-9DF5-4032-9B47-CFDB3E666A15}.Debug|x86.ActiveCfg = Debug|Any CPU
		{1E009DFE-9DF5-4032-9B47-CFDB3E666A15}.Debug|x86.Build.0 = Debug|Any CPU
		{1E009DFE-9DF5-4032-9B47-CFDB3E666A15}.Release|Any CPU.ActiveCfg = Release|Any CPU
		{1E009DFE-9DF5-4032-9B47-CFDB3E666A15}.Release|Any CPU.Build.0 = Release|Any CPU
		{1E009DFE-9DF5-4032-9B47-CFDB3E666A15}.Release|x64.ActiveCfg = Release|Any CPU
		{1E009DFE-9DF5-4032-9B47-CFDB3E666A15}.Release|x64.Build.0 = Release|Any CPU
		{1E009DFE-9DF5-4032-9B47-CFDB3E666A15}.Release|x86.ActiveCfg = Release|Any CPU
		{1E009DFE-9DF5-4032-9B47-CFDB3E666A15}.Release|x86.Build.0 = Release|Any CPU
		{F5BD43E6-D67F-4DAE-9D81-31910910E6C8}.Debug|Any CPU.ActiveCfg = Debug|Any CPU
		{F5BD43E6-D67F-4DAE-9D81-31910910E6C8}.Debug|Any CPU.Build.0 = Debug|Any CPU
		{F5BD43E6-D67F-4DAE-9D81-31910910E6C8}.Debug|x64.ActiveCfg = Debug|Any CPU
		{F5BD43E6-D67F-4DAE-9D81-31910910E6C8}.Debug|x64.Build.0 = Debug|Any CPU
		{F5BD43E6-D67F-4DAE-9D81-31910910E6C8}.Debug|x86.ActiveCfg = Debug|Any CPU
		{F5BD43E6-D67F-4DAE-9D81-31910910E6C8}.Debug|x86.Build.0 = Debug|Any CPU
		{F5BD43E6-D67F-4DAE-9D81-31910910E6C8}.Release|Any CPU.ActiveCfg = Release|Any CPU
		{F5BD43E6-D67F-4DAE-9D81-31910910E6C8}.Release|Any CPU.Build.0 = Release|Any CPU
		{F5BD43E6-D67F-4DAE-9D81-31910910E6C8}.Release|x64.ActiveCfg = Release|Any CPU
		{F5BD43E6-D67F-4DAE-9D81-31910910E6C8}.Release|x64.Build.0 = Release|Any CPU
		{F5BD43E6-D67F-4DAE-9D81-31910910E6C8}.Release|x86.ActiveCfg = Release|Any CPU
		{F5BD43E6-D67F-4DAE-9D81-31910910E6C8}.Release|x86.Build.0 = Release|Any CPU
		{75E01FA5-8CF9-4C2D-B6B6-032553116BAB}.Debug|Any CPU.ActiveCfg = Debug|Any CPU
		{75E01FA5-8CF9-4C2D-B6B6-032553116BAB}.Debug|Any CPU.Build.0 = Debug|Any CPU
		{75E01FA5-8CF9-4C2D-B6B6-032553116BAB}.Debug|x64.ActiveCfg = Debug|Any CPU
		{75E01FA5-8CF9-4C2D-B6B6-032553116BAB}.Debug|x64.Build.0 = Debug|Any CPU
		{75E01FA5-8CF9-4C2D-B6B6-032553116BAB}.Debug|x86.ActiveCfg = Debug|Any CPU
		{75E01FA5-8CF9-4C2D-B6B6-032553116BAB}.Debug|x86.Build.0 = Debug|Any CPU
		{75E01FA5-8CF9-4C2D-B6B6-032553116BAB}.Release|Any CPU.ActiveCfg = Release|Any CPU
		{75E01FA5-8CF9-4C2D-B6B6-032553116BAB}.Release|Any CPU.Build.0 = Release|Any CPU
		{75E01FA5-8CF9-4C2D-B6B6-032553116BAB}.Release|x64.ActiveCfg = Release|Any CPU
		{75E01FA5-8CF9-4C2D-B6B6-032553116BAB}.Release|x64.Build.0 = Release|Any CPU
		{75E01FA5-8CF9-4C2D-B6B6-032553116BAB}.Release|x86.ActiveCfg = Release|Any CPU
		{75E01FA5-8CF9-4C2D-B6B6-032553116BAB}.Release|x86.Build.0 = Release|Any CPU
		{EBBC0B46-19D2-4C98-AF54-AF985EAC83C3}.Debug|Any CPU.ActiveCfg = Debug|Any CPU
		{EBBC0B46-19D2-4C98-AF54-AF985EAC83C3}.Debug|Any CPU.Build.0 = Debug|Any CPU
		{EBBC0B46-19D2-4C98-AF54-AF985EAC83C3}.Debug|x64.ActiveCfg = Debug|Any CPU
		{EBBC0B46-19D2-4C98-AF54-AF985EAC83C3}.Debug|x64.Build.0 = Debug|Any CPU
		{EBBC0B46-19D2-4C98-AF54-AF985EAC83C3}.Debug|x86.ActiveCfg = Debug|Any CPU
		{EBBC0B46-19D2-4C98-AF54-AF985EAC83C3}.Debug|x86.Build.0 = Debug|Any CPU
		{EBBC0B46-19D2-4C98-AF54-AF985EAC83C3}.Release|Any CPU.ActiveCfg = Release|Any CPU
		{EBBC0B46-19D2-4C98-AF54-AF985EAC83C3}.Release|Any CPU.Build.0 = Release|Any CPU
		{EBBC0B46-19D2-4C98-AF54-AF985EAC83C3}.Release|x64.ActiveCfg = Release|Any CPU
		{EBBC0B46-19D2-4C98-AF54-AF985EAC83C3}.Release|x64.Build.0 = Release|Any CPU
		{EBBC0B46-19D2-4C98-AF54-AF985EAC83C3}.Release|x86.ActiveCfg = Release|Any CPU
		{EBBC0B46-19D2-4C98-AF54-AF985EAC83C3}.Release|x86.Build.0 = Release|Any CPU
		{EF945BB9-0E3A-42B0-9C0F-BD143D7DA26D}.Debug|Any CPU.ActiveCfg = Debug|Any CPU
		{EF945BB9-0E3A-42B0-9C0F-BD143D7DA26D}.Debug|Any CPU.Build.0 = Debug|Any CPU
		{EF945BB9-0E3A-42B0-9C0F-BD143D7DA26D}.Debug|x64.ActiveCfg = Debug|Any CPU
		{EF945BB9-0E3A-42B0-9C0F-BD143D7DA26D}.Debug|x64.Build.0 = Debug|Any CPU
		{EF945BB9-0E3A-42B0-9C0F-BD143D7DA26D}.Debug|x86.ActiveCfg = Debug|Any CPU
		{EF945BB9-0E3A-42B0-9C0F-BD143D7DA26D}.Debug|x86.Build.0 = Debug|Any CPU
		{EF945BB9-0E3A-42B0-9C0F-BD143D7DA26D}.Release|Any CPU.ActiveCfg = Release|Any CPU
		{EF945BB9-0E3A-42B0-9C0F-BD143D7DA26D}.Release|Any CPU.Build.0 = Release|Any CPU
		{EF945BB9-0E3A-42B0-9C0F-BD143D7DA26D}.Release|x64.ActiveCfg = Release|Any CPU
		{EF945BB9-0E3A-42B0-9C0F-BD143D7DA26D}.Release|x64.Build.0 = Release|Any CPU
		{EF945BB9-0E3A-42B0-9C0F-BD143D7DA26D}.Release|x86.ActiveCfg = Release|Any CPU
		{EF945BB9-0E3A-42B0-9C0F-BD143D7DA26D}.Release|x86.Build.0 = Release|Any CPU
		{91A9803F-D3BD-4EF6-8650-324FB3765B57}.Debug|Any CPU.ActiveCfg = Debug|Any CPU
		{91A9803F-D3BD-4EF6-8650-324FB3765B57}.Debug|Any CPU.Build.0 = Debug|Any CPU
		{91A9803F-D3BD-4EF6-8650-324FB3765B57}.Debug|x64.ActiveCfg = Debug|Any CPU
		{91A9803F-D3BD-4EF6-8650-324FB3765B57}.Debug|x64.Build.0 = Debug|Any CPU
		{91A9803F-D3BD-4EF6-8650-324FB3765B57}.Debug|x86.ActiveCfg = Debug|Any CPU
		{91A9803F-D3BD-4EF6-8650-324FB3765B57}.Debug|x86.Build.0 = Debug|Any CPU
		{91A9803F-D3BD-4EF6-8650-324FB3765B57}.Release|Any CPU.ActiveCfg = Release|Any CPU
		{91A9803F-D3BD-4EF6-8650-324FB3765B57}.Release|Any CPU.Build.0 = Release|Any CPU
		{91A9803F-D3BD-4EF6-8650-324FB3765B57}.Release|x64.ActiveCfg = Release|Any CPU
		{91A9803F-D3BD-4EF6-8650-324FB3765B57}.Release|x64.Build.0 = Release|Any CPU
		{91A9803F-D3BD-4EF6-8650-324FB3765B57}.Release|x86.ActiveCfg = Release|Any CPU
		{91A9803F-D3BD-4EF6-8650-324FB3765B57}.Release|x86.Build.0 = Release|Any CPU
		{E3DDCD04-876C-4D96-B3C9-D334C09D0768}.Debug|Any CPU.ActiveCfg = Debug|Any CPU
		{E3DDCD04-876C-4D96-B3C9-D334C09D0768}.Debug|Any CPU.Build.0 = Debug|Any CPU
		{E3DDCD04-876C-4D96-B3C9-D334C09D0768}.Debug|x64.ActiveCfg = Debug|Any CPU
		{E3DDCD04-876C-4D96-B3C9-D334C09D0768}.Debug|x64.Build.0 = Debug|Any CPU
		{E3DDCD04-876C-4D96-B3C9-D334C09D0768}.Debug|x86.ActiveCfg = Debug|Any CPU
		{E3DDCD04-876C-4D96-B3C9-D334C09D0768}.Debug|x86.Build.0 = Debug|Any CPU
		{E3DDCD04-876C-4D96-B3C9-D334C09D0768}.Release|Any CPU.ActiveCfg = Release|Any CPU
		{E3DDCD04-876C-4D96-B3C9-D334C09D0768}.Release|Any CPU.Build.0 = Release|Any CPU
		{E3DDCD04-876C-4D96-B3C9-D334C09D0768}.Release|x64.ActiveCfg = Release|Any CPU
		{E3DDCD04-876C-4D96-B3C9-D334C09D0768}.Release|x64.Build.0 = Release|Any CPU
		{E3DDCD04-876C-4D96-B3C9-D334C09D0768}.Release|x86.ActiveCfg = Release|Any CPU
		{E3DDCD04-876C-4D96-B3C9-D334C09D0768}.Release|x86.Build.0 = Release|Any CPU
		{B73C7426-2589-4571-B5C7-AB68129C5921}.Debug|Any CPU.ActiveCfg = Debug|Any CPU
		{B73C7426-2589-4571-B5C7-AB68129C5921}.Debug|Any CPU.Build.0 = Debug|Any CPU
		{B73C7426-2589-4571-B5C7-AB68129C5921}.Debug|x64.ActiveCfg = Debug|Any CPU
		{B73C7426-2589-4571-B5C7-AB68129C5921}.Debug|x64.Build.0 = Debug|Any CPU
		{B73C7426-2589-4571-B5C7-AB68129C5921}.Debug|x86.ActiveCfg = Debug|Any CPU
		{B73C7426-2589-4571-B5C7-AB68129C5921}.Debug|x86.Build.0 = Debug|Any CPU
		{B73C7426-2589-4571-B5C7-AB68129C5921}.Release|Any CPU.ActiveCfg = Release|Any CPU
		{B73C7426-2589-4571-B5C7-AB68129C5921}.Release|Any CPU.Build.0 = Release|Any CPU
		{B73C7426-2589-4571-B5C7-AB68129C5921}.Release|x64.ActiveCfg = Release|Any CPU
		{B73C7426-2589-4571-B5C7-AB68129C5921}.Release|x64.Build.0 = Release|Any CPU
		{B73C7426-2589-4571-B5C7-AB68129C5921}.Release|x86.ActiveCfg = Release|Any CPU
		{B73C7426-2589-4571-B5C7-AB68129C5921}.Release|x86.Build.0 = Release|Any CPU
		{8DD139B2-EC72-4DB6-81E7-01587A8A8940}.Debug|Any CPU.ActiveCfg = Debug|Any CPU
		{8DD139B2-EC72-4DB6-81E7-01587A8A8940}.Debug|Any CPU.Build.0 = Debug|Any CPU
		{8DD139B2-EC72-4DB6-81E7-01587A8A8940}.Debug|x64.ActiveCfg = Debug|Any CPU
		{8DD139B2-EC72-4DB6-81E7-01587A8A8940}.Debug|x64.Build.0 = Debug|Any CPU
		{8DD139B2-EC72-4DB6-81E7-01587A8A8940}.Debug|x86.ActiveCfg = Debug|Any CPU
		{8DD139B2-EC72-4DB6-81E7-01587A8A8940}.Debug|x86.Build.0 = Debug|Any CPU
		{8DD139B2-EC72-4DB6-81E7-01587A8A8940}.Release|Any CPU.ActiveCfg = Release|Any CPU
		{8DD139B2-EC72-4DB6-81E7-01587A8A8940}.Release|Any CPU.Build.0 = Release|Any CPU
		{8DD139B2-EC72-4DB6-81E7-01587A8A8940}.Release|x64.ActiveCfg = Release|Any CPU
		{8DD139B2-EC72-4DB6-81E7-01587A8A8940}.Release|x64.Build.0 = Release|Any CPU
		{8DD139B2-EC72-4DB6-81E7-01587A8A8940}.Release|x86.ActiveCfg = Release|Any CPU
		{8DD139B2-EC72-4DB6-81E7-01587A8A8940}.Release|x86.Build.0 = Release|Any CPU
	EndGlobalSection
	GlobalSection(SolutionProperties) = preSolution
		HideSolutionNode = FALSE
	EndGlobalSection
	GlobalSection(NestedProjects) = preSolution
		{A3C9129D-1C11-480A-85DD-215BE13F0227} = {827E0CD3-B72D-47B6-A68D-7590B98EB39B}
		{0145774B-48E3-482F-B5E2-ADE31AB7E5C9} = {0AB3BF05-4346-4AA6-1389-037BE0695223}
		{E08B5755-54BD-4630-92FB-211F90269A37} = {827E0CD3-B72D-47B6-A68D-7590B98EB39B}
		{8E82A0E4-A3DE-4308-8981-7CA546EDD66C} = {0AB3BF05-4346-4AA6-1389-037BE0695223}
		{EFE7E326-B70D-422E-BB95-EAE5264045DB} = {827E0CD3-B72D-47B6-A68D-7590B98EB39B}
		{B9C59D3B-B467-4AC8-BD5B-87FB0EDB9651} = {0AB3BF05-4346-4AA6-1389-037BE0695223}
		{2FA25A91-BE1D-446E-9925-6A4432825AF9} = {827E0CD3-B72D-47B6-A68D-7590B98EB39B}
		{AAC9DBD6-5389-486B-B3E6-1AE4E11EC6E6} = {0AB3BF05-4346-4AA6-1389-037BE0695223}
		{1E009DFE-9DF5-4032-9B47-CFDB3E666A15} = {827E0CD3-B72D-47B6-A68D-7590B98EB39B}
		{F5BD43E6-D67F-4DAE-9D81-31910910E6C8} = {0AB3BF05-4346-4AA6-1389-037BE0695223}
		{75E01FA5-8CF9-4C2D-B6B6-032553116BAB} = {827E0CD3-B72D-47B6-A68D-7590B98EB39B}
		{EBBC0B46-19D2-4C98-AF54-AF985EAC83C3} = {827E0CD3-B72D-47B6-A68D-7590B98EB39B}
		{EF945BB9-0E3A-42B0-9C0F-BD143D7DA26D} = {0AB3BF05-4346-4AA6-1389-037BE0695223}
		{91A9803F-D3BD-4EF6-8650-324FB3765B57} = {827E0CD3-B72D-47B6-A68D-7590B98EB39B}
		{E3DDCD04-876C-4D96-B3C9-D334C09D0768} = {0AB3BF05-4346-4AA6-1389-037BE0695223}
		{B73C7426-2589-4571-B5C7-AB68129C5921} = {827E0CD3-B72D-47B6-A68D-7590B98EB39B}
		{8DD139B2-EC72-4DB6-81E7-01587A8A8940} = {827E0CD3-B72D-47B6-A68D-7590B98EB39B}
	EndGlobalSection
EndGlobal
